
Microsoft Visual Studio Solution File, Format Version 12.00
# Visual Studio Version 16
VisualStudioVersion = 16.0.29418.71
MinimumVisualStudioVersion = 10.0.40219.1
Project("{FAE04EC0-301F-11D3-BF4B-00C04F79EFBC}") = "ShareMe", "ShareMe.csproj", "{207A5DE6-50CF-4339-9EF9-9410573E89B4}"
EndProject
Global
	GlobalSection(SolutionConfigurationPlatforms) = preSolution
		Debug|Any CPU = Debug|Any CPU
		Release|Any CPU = Release|Any CPU
	EndGlobalSection
	GlobalSection(ProjectConfigurationPlatforms) = postSolution
		{207A5DE6-50CF-4339-9EF9-9410573E89B4}.Debug|Any CPU.ActiveCfg = Debug|Any CPU
		{207A5DE6-50CF-4339-9EF9-9410573E89B4}.Debug|Any CPU.Build.0 = Debug|Any CPU
		{207A5DE6-50CF-4339-9EF9-9410573E89B4}.Release|Any CPU.ActiveCfg = Release|Any CPU
		{207A5DE6-50CF-4339-9EF9-9410573E89B4}.Release|Any CPU.Build.0 = Release|Any CPU
	EndGlobalSection
	GlobalSection(SolutionProperties) = preSolution
		HideSolutionNode = FALSE
	EndGlobalSection
	GlobalSection(ExtensibilityGlobals) = postSolution
		SolutionGuid = {119233F4-DDC7-4EE1-9ABA-31123E88533E}
	EndGlobalSection
EndGlobal
